github.com/waus/tmark-go v0.0.0-20260927114307-febce08c3b5a h1:tuEgAirol5bXhW2fV5KLOxzX/OHfXrFY17vfAR4+NgI=
github.com/waus/tmark-go v0.0.0-20260927114307-febce08c3b5a/go.mod h1:UiHTK5RGFiXZdBiR9wBanQKLKeIBZmmEPhPFPUIOQOU=
github.com/waus/tmark-go v0.2.0 h1:aMGhRj92cIlr5lOdjwXvkovUanUsSKhMi/AFH5OK5nc=
github.com/waus/tmark-go v0.2.0/go.mod h1:UiHTK5RGFiXZdBiR9wBanQKLKeIBZmmEPhPFPUIOQOU=
